Microsoft Visual Studio Solution File, Format Version 12.00
# Visual Studio 2012
Project("{FAE04EC0-301F-11D3-BF4B-00C04F79EFBC}") = "PorkSplosionInit", "PorkSplosionInit.csproj", "{75B1B89A-7EBF-4991-A328-D08E4B821E0B}"
EndProject
Global
	GlobalSection(SolutionConfigurationPlatforms) = preSolution
	Debug|Any CPU = Debug|Any CPU
	ExportDebug|Any CPU = ExportDebug|Any CPU
	ExportRelease|Any CPU = ExportRelease|Any CPU
	EndGlobalSection
	GlobalSection(ProjectConfigurationPlatforms) = postSolution
		{75B1B89A-7EBF-4991-A328-D08E4B821E0B}.Debug|Any CPU.ActiveCfg = Debug|Any CPU
		{75B1B89A-7EBF-4991-A328-D08E4B821E0B}.Debug|Any CPU.Build.0 = Debug|Any CPU
		{75B1B89A-7EBF-4991-A328-D08E4B821E0B}.ExportDebug|Any CPU.ActiveCfg = ExportDebug|Any CPU
		{75B1B89A-7EBF-4991-A328-D08E4B821E0B}.ExportDebug|Any CPU.Build.0 = ExportDebug|Any CPU
		{75B1B89A-7EBF-4991-A328-D08E4B821E0B}.ExportRelease|Any CPU.ActiveCfg = ExportRelease|Any CPU
		{75B1B89A-7EBF-4991-A328-D08E4B821E0B}.ExportRelease|Any CPU.Build.0 = ExportRelease|Any CPU
	EndGlobalSection
EndGlobal
